PODS:
  - GitHub (0.1.0):
    - Sweeft (~> 0.12)
  - Sweeft (0.12.1)

DEPENDENCIES:
  - GitHub (from `../`)
  - Sweeft (from `https://github.com/mathiasquintero/Sweeft.git`)

EXTERNAL SOURCES:
  GitHub:
    :path: "../"
  Sweeft:
    :git: https://github.com/mathiasquintero/Sweeft.git

CHECKOUT OPTIONS:
  Sweeft:
    :commit: f09e12ecb30b98ec4014c166061f53840c2dcf88
    :git: https://github.com/mathiasquintero/Sweeft.git

SPEC CHECKSUMS:
  GitHub: c7ad48255ef43f8434a5c52a0fecd982af268d8b
  Sweeft: fa73622b7d965f59a1198b5ad3161376765b410b

PODFILE CHECKSUM: dd2b9ad312cdbd59bcbb20305900197850247c51

COCOAPODS: 1.2.1
